
Microsoft Visual Studio Solution File, Format Version 12.00
# Visual Studio Version 17
VisualStudioVersion = 17.5.33530.505
MinimumVisualStudioVersion = 10.0.40219.1
Project("{FAE04EC0-301F-11D3-BF4B-00C04F79EFBC}") = "Fedrico-Guzman", "Fedrico-Guzman.csproj", "{17501826-4103-403D-9140-8877ECD320D4}"
EndProject
Global
	GlobalSection(SolutionConfigurationPlatforms) = preSolution
		Debug|Any CPU = Debug|Any CPU
		Release|Any CPU = Release|Any CPU
	EndGlobalSection
	GlobalSection(ProjectConfigurationPlatforms) = postSolution
		{17501826-4103-403D-9140-8877ECD320D4}.Debug|Any CPU.ActiveCfg = Debug|Any CPU
		{17501826-4103-403D-9140-8877ECD320D4}.Debug|Any CPU.Build.0 = Debug|Any CPU
		{17501826-4103-403D-9140-8877ECD320D4}.Release|Any CPU.ActiveCfg = Release|Any CPU
		{17501826-4103-403D-9140-8877ECD320D4}.Release|Any CPU.Build.0 = Release|Any CPU
	EndGlobalSection
	GlobalSection(SolutionProperties) = preSolution
		HideSolutionNode = FALSE
	EndGlobalSection
	GlobalSection(ExtensibilityGlobals) = postSolution
		SolutionGuid = {7DAE8477-CA02-427E-88F9-86DBDD765177}
	EndGlobalSection
EndGlobal
